// !$*UTF8*$!
{
	archiveVersion = 1;
	classes = {
	};
	objectVersion = 46;
	objects = {

/* Begin PBXBuildFile section */
		3441E1401D17D4230067625F /* main.m in Sources */ = {isa = PBXBuildFile; fileRef = 3441E13F1D17D4230067625F /* main.m */; };
		3441E1431D17D4230067625F /* AppDelegate.m in Sources */ = {isa = PBXBuildFile; fileRef = 3441E1421D17D4230067625F /* AppDelegate.m */; };
		3441E1461D17D4230067625F /* ViewController.m in Sources */ = {isa = PBXBuildFile; fileRef = 3441E1451D17D4230067625F /* ViewController.m */; };
		3441E1491D17D4230067625F /* Main.storyboard in Resources */ = {isa = PBXBuildFile; fileRef = 3441E1471D17D4230067625F /* Main.storyboard */; };
		3441E14B1D17D4230067625F /* Assets.xcassets in Resources */ = {isa = PBXBuildFile; fileRef = 3441E14A1D17D4230067625F /* Assets.xcassets */; };
		3441E14E1D17D4230067625F /* LaunchScreen.storyboard in Resources */ = {isa = PBXBuildFile; fileRef = 3441E14C1D17D4230067625F /* LaunchScreen.storyboard */; };
/* End PBXBuildFile section */

/* Begin PBXFileReference section */
		3441E13B1D17D4230067625F /* gitText.app */ = {isa = PBXFileReference; explicitFileType = wrapper.application; includeInIndex = 0; path = gitText.app; sourceTree = BUILT_PRODUCTS_DIR; };
		3441E13F1D17D4230067625F /* main.m */ = {isa = PBXFileReference; lastKnownFileType = sourcecode.c.objc; path = main.m; sourceTree = "<group>"; };
		3441E1411D17D4230067625F /* AppDelegate.h */ = {isa = PBXFileReference; lastKnownFileType = sourcecode.c.h; path = AppDelegate.h; sourceTree = "<group>"; };
		3441E1421D17D4230067625F /* AppDelegate.m */ = {isa = PBXFileReference; lastKnownFileType = sourcecode.c.objc; path = AppDelegate.m; sourceTree = "<group>"; };
		3441E1441D17D4230067625F /* ViewController.h */ = {isa = PBXFileReference; lastKnownFileType = sourcecode.c.h; path = ViewController.h; sourceTree = "<group>"; };
		3441E1451D17D4230067625F /* ViewController.m */ = {isa = PBXFileReference; lastKnownFileType = sourcecode.c.objc; path = ViewController.m; sourceTree = "<group>"; };
		3441E1481D17D4230067625F /* Base */ = {isa = PBXFileReference; lastKnownFileType = file.storyboard; name = Base; path = Base.lproj/Main.storyboard; sourceTree = "<group>"; };
		3441E14A1D17D4230067625F /* Assets.xcassets */ = {isa = PBXFileReference; lastKnownFileType = folder.assetcatalog; path = Assets.xcassets; sourceTree = "<group>"; };
		3441E14D1D17D4230067625F /* Base */ = {isa = PBXFileReference; lastKnownFileType = file.storyboard; name = Base; path = Base.lproj/LaunchScreen.storyboard; sourceTree = "<group>"; };
		3441E14F1D17D4230067625F /* Info.plist */ = {isa = PBXFileReference; lastKnownFileType = text.plist.xml; path = Info.plist; sourceTree = "<group>"; };
/* End PBXFileReference section */

/* Begin PBXFrameworksBuildPhase section */
		3441E1381D17D4230067625F /* Frameworks */ = {
			isa = PBXFrameworksBuildPhase;
			buildActionMask = 2147483647;
			files = (
			);
			runOnlyForDeploymentPostprocessing = 0;
		};
/* End PBXFrameworksBuildPhase section */

/* Begin PBXGroup section */
		3441E1321D17D4230067625F = {
			isa = PBXGroup;
			children = (
				3441E13D1D17D4230067625F /* gitText */,
				3441E13C1D17D4230067625F /* Products */,
			);
			sourceTree = "<group>";
		};
		3441E13C1D17D4230067625F /* Products */ = {
			isa = PBXGroup;
			children = (
				3441E13B1D17D4230067625F /* gitText.app */,
			);
			name = Products;
			sourceTree = "<group>";
		};
		3441E13D1D17D4230067625F /* gitText */ = {
			isa = PBXGroup;
			children = (
				3441E1411D17D4230067625F /* AppDelegate.h */,
				3441E1421D17D4230067625F /* AppDelegate.m */,
				3441E1441D17D4230067625F /* ViewController.h */,
				3441E1451D17D4230067625F /* ViewController.m */,
				3441E1471D17D4230067625F /* Main.storyboard */,
				3441E14A1D17D4230067625F /* Assets.xcassets */,
				3441E14C1D17D4230067625F /* LaunchScreen.storyboard */,
				3441E14F1D17D4230067625F /* Info.plist */,
				3441E13E1D17D4230067625F /* Supporting Files */,
			);
			path = gitText;
			sourceTree = "<group>";
		};
		3441E13E1D17D4230067625F /* Supporting Files */ = {
			isa = PBXGroup;
			children = (
				3441E13F1D17D4230067625F /* main.m */,
			);
			name = "Supporting Files";
			sourceTree = "<group>";
		};
/* End PBXGroup section */

/* Begin PBXNativeTarget section */
		3441E13A1D17D4230067625F /* gitText */ = {
			isa = PBXNativeTarget;
			buildConfigurationList = 3441E1521D17D4230067625F /* Build configuration list for PBXNativeTarget "gitText" */;
			buildPhases = (
				3441E1371D17D4230067625F /* Sources */,
				3441E1381D17D4230067625F /* Frameworks */,
				3441E1391D17D4230067625F /* Resources */,
			);
			buildRules = (
			);
			dependencies = (
			);
			name = gitText;
			productName = gitText;
			productReference = 3441E13B1D17D4230067625F /* gitText.app */;
			productType = "com.apple.product-type.application";
		};
/* End PBXNativeTarget section */

/* Begin PBXProject section */
		3441E1331D17D4230067625F /* Project object */ = {
			isa = PBXProject;
			attributes = {
				LastUpgradeCheck = 0720;
				ORGANIZATIONNAME = lanouhn;
				TargetAttributes = {
					3441E13A1D17D4230067625F = {
						CreatedOnToolsVersion = 7.2;
					};
				};
			};
			buildConfigurationList = 3441E1361D17D4230067625F /* Build configuration list for PBXProject "gitText" */;
			compatibilityVersion = "Xcode 3.2";
			developmentRegion = English;
			hasScannedForEncodings = 0;
			knownRegions = (
				en,
				Base,
			);
			mainGroup = 3441E1321D17D4230067625F;
			productRefGroup = 3441E13C1D17D4230067625F /* Products */;
			projectDirPath = "";
			projectRoot = "";
			targets = (
				3441E13A1D17D4230067625F /* gitText */,
			);
		};
/* End PBXProject section */

/* Begin PBXResourcesBuildPhase section */
		3441E1391D17D4230067625F /* Resources */ = {
			isa = PBXResourcesBuildPhase;
			buildActionMask = 2147483647;
			files = (
				3441E14E1D17D4230067625F /* LaunchScreen.storyboard in Resources */,
				3441E14B1D17D4230067625F /* Assets.xcassets in Resources */,
				3441E1491D17D4230067625F /* Main.storyboard in Resources */,
			);
			runOnlyForDeploymentPostprocessing = 0;
		};
/* End PBXResourcesBuildPhase section */

/* Begin PBXSourcesBuildPhase section */
		3441E1371D17D4230067625F /* Sources */ = {
			isa = PBXSourcesBuildPhase;
			buildActionMask = 2147483647;
			files = (
				3441E1461D17D4230067625F /* ViewController.m in Sources */,
				3441E1431D17D4230067625F /* AppDelegate.m in Sources */,
				3441E1401D17D4230067625F /* main.m in Sources */,
			);
			runOnlyForDeploymentPostprocessing = 0;
		};
/* End PBXSourcesBuildPhase section */

/* Begin PBXVariantGroup section */
		3441E1471D17D4230067625F /* Main.storyboard */ = {
			isa = PBXVariantGroup;
			children = (
				3441E1481D17D4230067625F /* Base */,
			);
			name = Main.storyboard;
			sourceTree = "<group>";
		};
		3441E14C1D17D4230067625F /* LaunchScreen.storyboard */ = {
			isa = PBXVariantGroup;
			children = (
				3441E14D1D17D4230067625F /* Base */,
			);
			name = LaunchScreen.storyboard;
			sourceTree = "<group>";
		};
/* End PBXVariantGroup section */

/* Begin XCBuildConfiguration section */
		3441E1501D17D4230067625F /* Debug */ = {
			isa = XCBuildConfiguration;
			buildSettings = {
				ALWAYS_SEARCH_USER_PATHS = NO;
				CLANG_CXX_LANGUAGE_STANDARD = "gnu++0x";
				CLANG_CXX_LIBRARY = "libc++";
				CLANG_ENABLE_MODULES = YES;
				CLANG_ENABLE_OBJC_ARC = YES;
				CLANG_WARN_BOOL_CONVERSION = YES;
				CLANG_WARN_CONSTANT_CONVERSION = YES;
				CLANG_WARN_DIRECT_OBJC_ISA_USAGE = YES_ERROR;
				CLANG_WARN_EMPTY_BODY = YES;
				CLANG_WARN_ENUM_CONVERSION = YES;
				CLANG_WARN_INT_CONVERSION = YES;
				CLANG_WARN_OBJC_ROOT_CLASS = YES_ERROR;
				CLANG_WARN_UNREACHABLE_CODE = YES;
				CLANG_WARN__DUPLICATE_METHOD_MATCH = YES;
				"CODE_SIGN_IDENTITY[sdk=iphoneos*]" = "iPhone Developer";
				COPY_PHASE_STRIP = NO;
				DEBUG_INFORMATION_FORMAT = dwarf;
				ENABLE_STRICT_OBJC_MSGSEND = YES;
				ENABLE_TESTABILITY = YES;
				GCC_C_LANGUAGE_STANDARD = gnu99;
				GCC_DYNAMIC_NO_PIC = NO;
				GCC_NO_COMMON_BLOCKS = YES;
				GCC_OPTIMIZATION_LEVEL = 0;
				GCC_PREPROCESSOR_DEFINITIONS = (
					"DEBUG=1",
					"$(inherited)",
				);
				GCC_WARN_64_TO_32_BIT_CONVERSION = YES;
				GCC_WARN_ABOUT_RETURN_TYPE = YES_ERROR;
				GCC_WARN_UNDECLARED_SELECTOR = YES;
				GCC_WARN_UNINITIALIZED_AUTOS = YES_AGGRESSIVE;
				GCC_WARN_UNUSED_FUNCTION = YES;
				GCC_WARN_UNUSED_VARIABLE = YES;
				IPHONEOS_DEPLOYMENT_TARGET = 9.2;
				MTL_ENABLE_DEBUG_INFO = YES;
				ONLY_ACTIVE_ARCH = YES;
				SDKROOT = iphoneos;
			};
			name = Debug;
		};
		3441E1511D17D4230067625F /* Release */ = {
			isa = XCBuildConfiguration;
			buildSettings = {
				ALWAYS_SEARCH_USER_PATHS = NO;
				CLANG_CXX_LANGUAGE_STANDARD = "gnu++0x";
				CLANG_CXX_LIBRARY = "libc++";
				CLANG_ENABLE_MODULES = YES;
				CLANG_ENABLE_OBJC_ARC = YES;
				CLANG_WARN_BOOL_CONVERSION = YES;
				CLANG_WARN_CONSTANT_CONVERSION = YES;
				CLANG_WARN_DIRECT_OBJC_ISA_USAGE = YES_ERROR;
				CLANG_WARN_EMPTY_BODY = YES;
				CLANG_WARN_ENUM_CONVERSION = YES;
				CLANG_WARN_INT_CONVERSION = YES;
				CLANG_WARN_OBJC_ROOT_CLASS = YES_ERROR;
				CLANG_WARN_UNREACHABLE_CODE = YES;
				CLANG_WARN__DUPLICATE_METHOD_MATCH = YES;
				"CODE_SIGN_IDENTITY[sdk=iphoneos*]" = "iPhone Developer";
				COPY_PHASE_STRIP = NO;
				DEBUG_INFORMATION_FORMAT = "dwarf-with-dsym";
				ENABLE_NS_ASSERTIONS = NO;
				ENABLE_STRICT_OBJC_MSGSEND = YES;
				GCC_C_LANGUAGE_STANDARD = gnu99;
				GCC_NO_COMMON_BLOCKS = YES;
				GCC_WARN_64_TO_32_BIT_CONVERSION = YES;
				GCC_WARN_ABOUT_RETURN_TYPE = YES_ERROR;
				GCC_WARN_UNDECLARED_SELECTOR = YES;
				GCC_WARN_UNINITIALIZED_AUTOS = YES_AGGRESSIVE;
				GCC_WARN_UNUSED_FUNCTION = YES;
				GCC_WARN_UNUSED_VARIABLE = YES;
				IPHONEOS_DEPLOYMENT_TARGET = 9.2;
				MTL_ENABLE_DEBUG_INFO = NO;
				SDKROOT = iphoneos;
				VALIDATE_PRODUCT = YES;
			};
			name = Release;
		};
		3441E1531D17D4230067625F /* Debug */ = {
			isa = XCBuildConfiguration;
			buildSettings = {
				ASSETCATALOG_COMPILER_APPICON_NAME = AppIcon;
				INFOPLIST_FILE = gitText/Info.plist;
				LD_RUNPATH_SEARCH_PATHS = "$(inherited) @executable_path/Frameworks";
				PRODUCT_BUNDLE_IDENTIFIER = com.lanou.gitText;
				PRODUCT_NAME = "$(TARGET_NAME)";
			};
			name = Debug;
		};
		3441E1541D17D4230067625F /* Release */ = {
			isa = XCBuildConfiguration;
			buildSettings = {
				ASSETCATALOG_COMPILER_APPICON_NAME = AppIcon;
				INFOPLIST_FILE = gitText/Info.plist;
				LD_RUNPATH_SEARCH_PATHS = "$(inherited) @executable_path/Frameworks";
				PRODUCT_BUNDLE_IDENTIFIER = com.lanou.gitText;
				PRODUCT_NAME = "$(TARGET_NAME)";
			};
			name = Release;
		};
/* End XCBuildConfiguration section */

/* Begin XCConfigurationList section */
		3441E1361D17D4230067625F /* Build configuration list for PBXProject "gitText" */ = {
			isa = XCConfigurationList;
			buildConfigurations = (
				3441E1501D17D4230067625F /* Debug */,
				3441E1511D17D4230067625F /* Release */,
			);
			defaultConfigurationIsVisible = 0;
			defaultConfigurationName = Release;
		};
		3441E1521D17D4230067625F /* Build configuration list for PBXNativeTarget "gitText" */ = {
			isa = XCConfigurationList;
			buildConfigurations = (
				3441E1531D17D4230067625F /* Debug */,
				3441E1541D17D4230067625F /* Release */,
			);
			defaultConfigurationIsVisible = 0;
		};
/* End XCConfigurationList section */
	};
	rootObject = 3441E1331D17D4230067625F /* Project object */;
}
